
Microsoft Visual Studio Solution File, Format Version 12.00
# Visual Studio Version 17
VisualStudioVersion = 17.7.34031.279
MinimumVisualStudioVersion = 10.0.40219.1
Project("{FAE04EC0-301F-11D3-BF4B-00C04F79EFBC}") = "TarefasSistema", "TarefasSistema\TarefasSistema.csproj", "{B291D693-0644-44A2-9532-5F24774B9C70}"
EndProject
Global
	GlobalSection(SolutionConfigurationPlatforms) = preSolution
		Debug|Any CPU = Debug|Any CPU
		Release|Any CPU = Release|Any CPU
	EndGlobalSection
	GlobalSection(ProjectConfigurationPlatforms) = postSolution
		{B291D693-0644-44A2-9532-5F24774B9C70}.Debug|Any CPU.ActiveCfg = Debug|Any CPU
		{B291D693-0644-44A2-9532-5F24774B9C70}.Debug|Any CPU.Build.0 = Debug|Any CPU
		{B291D693-0644-44A2-9532-5F24774B9C70}.Release|Any CPU.ActiveCfg = Release|Any CPU
		{B291D693-0644-44A2-9532-5F24774B9C70}.Release|Any CPU.Build.0 = Release|Any CPU
	EndGlobalSection
	GlobalSection(SolutionProperties) = preSolution
		HideSolutionNode = FALSE
	EndGlobalSection
	GlobalSection(ExtensibilityGlobals) = postSolution
		SolutionGuid = {77136D3C-40B2-4A17-A975-459D0B2E6907}
	EndGlobalSection
EndGlobal
